
Microsoft Visual Studio Solution File, Format Version 12.00
# Visual Studio Version 16
VisualStudioVersion = 16.0.32106.194
MinimumVisualStudioVersion = 10.0.40219.1
Project("{FAE04EC0-301F-11D3-BF4B-00C04F79EFBC}") = "ClassLibrary", "ClassLibrary\ClassLibrary.csproj", "{C8931021-0A7C-40AF-A31E-49EC4FD4AFF7}"
EndProject
Project("{FAE04EC0-301F-11D3-BF4B-00C04F79EFBC}") = "ConsoleApp", "ConsoleApp\ConsoleApp.csproj", "{C93262C5-0272-4A17-9434-9B6524BCA355}"
EndProject
Global
	GlobalSection(SolutionConfigurationPlatforms) = preSolution
		Debug|Any CPU = Debug|Any CPU
		Release|Any CPU = Release|Any CPU
	EndGlobalSection
	GlobalSection(ProjectConfigurationPlatforms) = postSolution
		{C8931021-0A7C-40AF-A31E-49EC4FD4AFF7}.Debug|Any CPU.ActiveCfg = Debug|Any CPU
		{C8931021-0A7C-40AF-A31E-49EC4FD4AFF7}.Debug|Any CPU.Build.0 = Debug|Any CPU
		{C8931021-0A7C-40AF-A31E-49EC4FD4AFF7}.Release|Any CPU.ActiveCfg = Release|Any CPU
		{C8931021-0A7C-40AF-A31E-49EC4FD4AFF7}.Release|Any CPU.Build.0 = Release|Any CPU
		{C93262C5-0272-4A17-9434-9B6524BCA355}.Debug|Any CPU.ActiveCfg = Debug|Any CPU
		{C93262C5-0272-4A17-9434-9B6524BCA355}.Debug|Any CPU.Build.0 = Debug|Any CPU
		{C93262C5-0272-4A17-9434-9B6524BCA355}.Release|Any CPU.ActiveCfg = Release|Any CPU
		{C93262C5-0272-4A17-9434-9B6524BCA355}.Release|Any CPU.Build.0 = Release|Any CPU
	EndGlobalSection
	GlobalSection(SolutionProperties) = preSolution
		HideSolutionNode = FALSE
	EndGlobalSection
	GlobalSection(ExtensibilityGlobals) = postSolution
		SolutionGuid = {2DA770FD-F205-491A-A3F5-FD8FF5422A22}
	EndGlobalSection
EndGlobal
